{"name":"svgo","version":"4.0.0-rc.1","lockfileVersion":3,"requires":true,"packages":{"":{"name":"svgo","version":"4.0.0-rc.1","license":"MIT","dependencies":{"commander":"^11.1.0","css-select":"^5.1.0","css-tree":"^2.3.1","css-what":"^6.1.0","csso":"^5.0.5","picocolors":"^1.0.0","sax":"^1.4.1"},"bin":{"svgo":"bin/svgo.js"},"engines":{"node":">=16.0.0"},"funding":{"type":"opencollective","url":"https://opencollective.com/svgo"}},"node_modules/boolbase":{"version":"1.0.0","resolved":"file:../../distdir/boolbase-1.0.0.tgz","integrity":"sha512-JZOSA7Mo9sNGB8+UjSgzdLtokWAky1zbztM3WRLCbZ70/3cTANmQmOdR7y2g+J0e2WXywy1yS468tY+IruqEww==","license":"ISC"},"node_modules/commander":{"version":"11.1.0","resolved":"file:../../distdir/commander-11.1.0.tgz","integrity":"sha512-yPVavfyCcRhmorC7rWlkHn15b4wDVgVmBA7kV4QVBsF7kv/9TKJAbAXVTxvTnwP8HHKjRCJDClKbciiYS7p0DQ==","license":"MIT","engines":{"node":">=16"}},"node_modules/css-select":{"version":"5.1.0","resolved":"file:../../distdir/css-select-5.1.0.tgz","integrity":"sha512-nwoRF1rvRRnnCqqY7updORDsuqKzqYJ28+oSMaJMMgOauh3fvwHqMS7EZpIPqK8GL+g9mKxF1vP/ZjSeNjEVHg==","license":"BSD-2-Clause","dependencies":{"boolbase":"^1.0.0","css-what":"^6.1.0","domhandler":"^5.0.2","domutils":"^3.0.1","nth-check":"^2.0.1"},"funding":{"url":"https://github.com/sponsors/fb55"}},"node_modules/css-tree":{"version":"2.3.1","resolved":"file:../../distdir/css-tree-2.3.1.tgz","integrity":"sha512-6Fv1DV/TYw//QF5IzQdqsNDjx/wc8TrMBZsqjL9eW01tWb7R7k/mq+/VXfJCl7SoD5emsJop9cOByJZfs8hYIw==","license":"MIT","dependencies":{"mdn-data":"2.0.30","source-map-js":"^1.0.1"},"engines":{"node":"^10 || ^12.20.0 || ^14.13.0 || >=15.0.0"}},"node_modules/css-what":{"version":"6.1.0","resolved":"file:../../distdir/css-what-6.1.0.tgz","integrity":"sha512-HTUrgRJ7r4dsZKU6GjmpfRK1O76h97Z8MfS1G0FozR+oF2kG6Vfe8JE6zwrkbxigziPHinCJ+gCPjA9EaBDtRw==","license":"BSD-2-Clause","engines":{"node":">= 6"},"funding":{"url":"https://github.com/sponsors/fb55"}},"node_modules/csso":{"version":"5.0.5","resolved":"file:../../distdir/csso-5.0.5.tgz","integrity":"sha512-0LrrStPOdJj+SPCCrGhzryycLjwcgUSHBtxNA8aIDxf0GLsRh1cKYhB00Gd1lDOS4yGH69+SNn13+TWbVHETFQ==","license":"MIT","dependencies":{"css-tree":"~2.2.0"},"engines":{"node":"^10 || ^12.20.0 || ^14.13.0 || >=15.0.0","npm":">=7.0.0"}},"node_modules/csso/node_modules/css-tree":{"version":"2.2.1","resolved":"file:../../distdir/css-tree-2.2.1.tgz","integrity":"sha512-OA0mILzGc1kCOCSJerOeqDxDQ4HOh+G8NbOJFOTgOCzpw7fCBubk0fEyxp8AgOL/jvLgYA/uV0cMbe43ElF1JA==","license":"MIT","dependencies":{"mdn-data":"2.0.28","source-map-js":"^1.0.1"},"engines":{"node":"^10 || ^12.20.0 || ^14.13.0 || >=15.0.0","npm":">=7.0.0"}},"node_modules/csso/node_modules/mdn-data":{"version":"2.0.28","resolved":"file:../../distdir/mdn-data-2.0.28.tgz","integrity":"sha512-aylIc7Z9y4yzHYAJNuESG3hfhC+0Ibp/MAMiaOZgNv4pmEdFyfZhhhny4MNiAfWdBQ1RQ2mfDWmM1x8SvGyp8g==","license":"CC0-1.0"},"node_modules/dom-serializer":{"version":"2.0.0","resolved":"file:../../distdir/dom-serializer-2.0.0.tgz","integrity":"sha512-wIkAryiqt/nV5EQKqQpo3SToSOV9J0DnbJqwK7Wv/Trc92zIAYZ4FlMu+JPFW1DfGFt81ZTCGgDEabffXeLyJg==","license":"MIT","dependencies":{"domelementtype":"^2.3.0","domhandler":"^5.0.2","entities":"^4.2.0"},"funding":{"url":"https://github.com/cheeriojs/dom-serializer?sponsor=1"}},"node_modules/domelementtype":{"version":"2.3.0","resolved":"file:../../distdir/domelementtype-2.3.0.tgz","integrity":"sha512-OLETBj6w0OsagBwdXnPdN0cnMfF9opN69co+7ZrbfPGrdpPVNBUj02spi6B1N7wChLQiPn4CSH/zJvXw56gmHw==","funding":[{"type":"github","url":"https://github.com/sponsors/fb55"}],"license":"BSD-2-Clause"},"node_modules/domhandler":{"version":"5.0.3","resolved":"file:../../distdir/domhandler-5.0.3.tgz","integrity":"sha512-cgwlv/1iFQiFnU96XXgROh8xTeetsnJiDsTc7TYCLFd9+/WNkIqPTxiM/8pSd8VIrhXGTf1Ny1q1hquVqDJB5w==","license":"BSD-2-Clause","dependencies":{"domelementtype":"^2.3.0"},"engines":{"node":">= 4"},"funding":{"url":"https://github.com/fb55/domhandler?sponsor=1"}},"node_modules/domutils":{"version":"3.1.0","resolved":"file:../../distdir/domutils-3.1.0.tgz","integrity":"sha512-H78uMmQtI2AhgDJjWeQmHwJJ2bLPD3GMmO7Zja/ZZh84wkm+4ut+IUnUdRa8uCGX88DiVx1j6FRe1XfxEgjEZA==","license":"BSD-2-Clause","dependencies":{"dom-serializer":"^2.0.0","domelementtype":"^2.3.0","domhandler":"^5.0.3"},"funding":{"url":"https://github.com/fb55/domutils?sponsor=1"}},"node_modules/entities":{"version":"4.5.0","resolved":"file:../../distdir/entities-4.5.0.tgz","integrity":"sha512-V0hjH4dGPh9Ao5p0MoRY6BVqtwCjhz6vI5LT8AJ55H+4g9/4vbHx1I54fS0XuclLhDHArPQCiMjDxjaL8fPxhw==","license":"BSD-2-Clause","engines":{"node":">=0.12"},"funding":{"url":"https://github.com/fb55/entities?sponsor=1"}},"node_modules/mdn-data":{"version":"2.0.30","resolved":"file:../../distdir/mdn-data-2.0.30.tgz","integrity":"sha512-GaqWWShW4kv/G9IEucWScBx9G1/vsFZZJUO+tD26M8J8z3Kw5RDQjaoZe03YAClgeS/SWPOcb4nkFBTEi5DUEA==","license":"CC0-1.0"},"node_modules/nth-check":{"version":"2.1.1","resolved":"file:../../distdir/nth-check-2.1.1.tgz","integrity":"sha512-lqjrjmaOoAnWfMmBPL+XNnynZh2+swxiX3WUE0s4yEHI6m+AwrK2UZOimIRl3X/4QctVqS8AiZjFqyOGrMXb/w==","license":"BSD-2-Clause","dependencies":{"boolbase":"^1.0.0"},"funding":{"url":"https://github.com/fb55/nth-check?sponsor=1"}},"node_modules/picocolors":{"version":"1.1.0","resolved":"file:../../distdir/picocolors-1.1.0.tgz","integrity":"sha512-TQ92mBOW0l3LeMeyLV6mzy/kWr8lkd/hp3mTg7wYK7zJhuBStmGMBG0BdeDZS/dZx1IukaX6Bk11zcln25o1Aw==","license":"ISC"},"node_modules/sax":{"version":"1.4.1","resolved":"file:../../distdir/sax-1.4.1.tgz","integrity":"sha512-+aWOz7yVScEGoKNd4PA10LZ8sk0A/z5+nXQG5giUO5rprX9jgYsTdov9qCchZiPIZezbZH+jRut8nPodFAX4Jg==","license":"ISC"},"node_modules/source-map-js":{"version":"1.2.1","resolved":"file:../../distdir/source-map-js-1.2.1.tgz","integrity":"sha512-UXWMKhLOwVKb728IUtQPXxfYU+usdybtUrK/8uGE8CQMvrhOpwvzDBwj0QhSL7MQc7vIsISBG8VQ8+IDQxpfQA==","license":"BSD-3-Clause","engines":{"node":">=0.10.0"}}}}
